// !$*UTF8*$!
{
	archiveVersion = 1;
	classes = {
	};
	objectVersion = 46;
	objects = {

/* Begin PBXBuildFile section */
		15D3A9AA1E52B9E80027A2D9 /* AppDelegate.swift in Sources */ = {isa = PBXBuildFile; fileRef = 15D3A9A91E52B9E80027A2D9 /* AppDelegate.swift */; };
		15D3A9AC1E52B9E80027A2D9 /* MasterViewController.swift in Sources */ = {isa = PBXBuildFile; fileRef = 15D3A9AB1E52B9E80027A2D9 /* MasterViewController.swift */; };
		15D3A9AE1E52B9E80027A2D9 /* DetailViewController.swift in Sources */ = {isa = PBXBuildFile; fileRef = 15D3A9AD1E52B9E80027A2D9 /* DetailViewController.swift */; };
		15D3A9B11E52B9E80027A2D9 /* Main.storyboard in Resources */ = {isa = PBXBuildFile; fileRef = 15D3A9AF1E52B9E80027A2D9 /* Main.storyboard */; };
		15D3A9B31E52B9E80027A2D9 /* Assets.xcassets in Resources */ = {isa = PBXBuildFile; fileRef = 15D3A9B21E52B9E80027A2D9 /* Assets.xcassets */; };
		15D3A9B61E52B9E80027A2D9 /* LaunchScreen.storyboard in Resources */ = {isa = PBXBuildFile; fileRef = 15D3A9B41E52B9E80027A2D9 /* LaunchScreen.storyboard */; };
		15D3A9CC1E52FBE90027A2D9 /* IncomingCell.xib in Resources */ = {isa = PBXBuildFile; fileRef = 15D3A9CB1E52FBE90027A2D9 /* IncomingCell.xib */; };
		15D3A9CE1E52FC1B0027A2D9 /* IncomingCell.swift in Sources */ = {isa = PBXBuildFile; fileRef = 15D3A9CD1E52FC1B0027A2D9 /* IncomingCell.swift */; };
		15D3A9D01E5323DE0027A2D9 /* OutgoingCell.xib in Resources */ = {isa = PBXBuildFile; fileRef = 15D3A9CF1E5323DE0027A2D9 /* OutgoingCell.xib */; };
		15D3A9D21E53240D0027A2D9 /* OutgoingCell.swift in Sources */ = {isa = PBXBuildFile; fileRef = 15D3A9D11E53240D0027A2D9 /* OutgoingCell.swift */; };
/* End PBXBuildFile section */

/* Begin PBXFileReference section */
		15D3A9A61E52B9E80027A2D9 /* test.app */ = {isa = PBXFileReference; explicitFileType = wrapper.application; includeInIndex = 0; path = test.app; sourceTree = BUILT_PRODUCTS_DIR; };
		15D3A9A91E52B9E80027A2D9 /* AppDelegate.swift */ = {isa = PBXFileReference; lastKnownFileType = sourcecode.swift; path = AppDelegate.swift; sourceTree = "<group>"; };
		15D3A9AB1E52B9E80027A2D9 /* MasterViewController.swift */ = {isa = PBXFileReference; lastKnownFileType = sourcecode.swift; path = MasterViewController.swift; sourceTree = "<group>"; };
		15D3A9AD1E52B9E80027A2D9 /* DetailViewController.swift */ = {isa = PBXFileReference; lastKnownFileType = sourcecode.swift; path = DetailViewController.swift; sourceTree = "<group>"; };
		15D3A9B01E52B9E80027A2D9 /* Base */ = {isa = PBXFileReference; lastKnownFileType = file.storyboard; name = Base; path = Base.lproj/Main.storyboard; sourceTree = "<group>"; };
		15D3A9B21E52B9E80027A2D9 /* Assets.xcassets */ = {isa = PBXFileReference; lastKnownFileType = folder.assetcatalog; path = Assets.xcassets; sourceTree = "<group>"; };
		15D3A9B51E52B9E80027A2D9 /* Base */ = {isa = PBXFileReference; lastKnownFileType = file.storyboard; name = Base; path = Base.lproj/LaunchScreen.storyboard; sourceTree = "<group>"; };
		15D3A9B71E52B9E80027A2D9 /* Info.plist */ = {isa = PBXFileReference; lastKnownFileType = text.plist.xml; path = Info.plist; sourceTree = "<group>"; };
		15D3A9CB1E52FBE90027A2D9 /* IncomingCell.xib */ = {isa = PBXFileReference; fileEncoding = 4; lastKnownFileType = file.xib; path = IncomingCell.xib; sourceTree = "<group>"; };
		15D3A9CD1E52FC1B0027A2D9 /* IncomingCell.swift */ = {isa = PBXFileReference; fileEncoding = 4; lastKnownFileType = sourcecode.swift; path = IncomingCell.swift; sourceTree = "<group>"; };
		15D3A9CF1E5323DE0027A2D9 /* OutgoingCell.xib */ = {isa = PBXFileReference; fileEncoding = 4; lastKnownFileType = file.xib; path = OutgoingCell.xib; sourceTree = "<group>"; };
		15D3A9D11E53240D0027A2D9 /* OutgoingCell.swift */ = {isa = PBXFileReference; fileEncoding = 4; lastKnownFileType = sourcecode.swift; path = OutgoingCell.swift; sourceTree = "<group>"; };
/* End PBXFileReference section */

/* Begin PBXFrameworksBuildPhase section */
		15D3A9A31E52B9E80027A2D9 /* Frameworks */ = {
			isa = PBXFrameworksBuildPhase;
			buildActionMask = 2147483647;
			files = (
			);
			runOnlyForDeploymentPostprocessing = 0;
		};
/* End PBXFrameworksBuildPhase section */

/* Begin PBXGroup section */
		15D3A99D1E52B9E80027A2D9 = {
			isa = PBXGroup;
			children = (
				15D3A9A81E52B9E80027A2D9 /* test */,
				15D3A9A71E52B9E80027A2D9 /* Products */,
			);
			sourceTree = "<group>";
		};
		15D3A9A71E52B9E80027A2D9 /* Products */ = {
			isa = PBXGroup;
			children = (
				15D3A9A61E52B9E80027A2D9 /* test.app */,
			);
			name = Products;
			sourceTree = "<group>";
		};
		15D3A9A81E52B9E80027A2D9 /* test */ = {
			isa = PBXGroup;
			children = (
				15D3A9A91E52B9E80027A2D9 /* AppDelegate.swift */,
				15D3A9AB1E52B9E80027A2D9 /* MasterViewController.swift */,
				15D3A9CD1E52FC1B0027A2D9 /* IncomingCell.swift */,
				15D3A9D11E53240D0027A2D9 /* OutgoingCell.swift */,
				15D3A9AD1E52B9E80027A2D9 /* DetailViewController.swift */,
				15D3A9AF1E52B9E80027A2D9 /* Main.storyboard */,
				15D3A9CB1E52FBE90027A2D9 /* IncomingCell.xib */,
				15D3A9CF1E5323DE0027A2D9 /* OutgoingCell.xib */,
				15D3A9B21E52B9E80027A2D9 /* Assets.xcassets */,
				15D3A9B41E52B9E80027A2D9 /* LaunchScreen.storyboard */,
				15D3A9B71E52B9E80027A2D9 /* Info.plist */,
			);
			path = test;
			sourceTree = "<group>";
		};
/* End PBXGroup section */

/* Begin PBXNativeTarget section */
		15D3A9A51E52B9E80027A2D9 /* test */ = {
			isa = PBXNativeTarget;
			buildConfigurationList = 15D3A9BA1E52B9E80027A2D9 /* Build configuration list for PBXNativeTarget "test" */;
			buildPhases = (
				15D3A9A21E52B9E80027A2D9 /* Sources */,
				15D3A9A31E52B9E80027A2D9 /* Frameworks */,
				15D3A9A41E52B9E80027A2D9 /* Resources */,
			);
			buildRules = (
			);
			dependencies = (
			);
			name = test;
			productName = test;
			productReference = 15D3A9A61E52B9E80027A2D9 /* test.app */;
			productType = "com.apple.product-type.application";
		};
/* End PBXNativeTarget section */

/* Begin PBXProject section */
		15D3A99E1E52B9E80027A2D9 /* Project object */ = {
			isa = PBXProject;
			attributes = {
				LastSwiftUpdateCheck = 0820;
				LastUpgradeCheck = 0820;
				ORGANIZATIONNAME = Holmusk;
				TargetAttributes = {
					15D3A9A51E52B9E80027A2D9 = {
						CreatedOnToolsVersion = 8.2.1;
						DevelopmentTeam = 3UC52MR44U;
						ProvisioningStyle = Automatic;
					};
				};
			};
			buildConfigurationList = 15D3A9A11E52B9E80027A2D9 /* Build configuration list for PBXProject "test" */;
			compatibilityVersion = "Xcode 3.2";
			developmentRegion = English;
			hasScannedForEncodings = 0;
			knownRegions = (
				en,
				Base,
			);
			mainGroup = 15D3A99D1E52B9E80027A2D9;
			productRefGroup = 15D3A9A71E52B9E80027A2D9 /* Products */;
			projectDirPath = "";
			projectRoot = "";
			targets = (
				15D3A9A51E52B9E80027A2D9 /* test */,
			);
		};
/* End PBXProject section */

/* Begin PBXResourcesBuildPhase section */
		15D3A9A41E52B9E80027A2D9 /* Resources */ = {
			isa = PBXResourcesBuildPhase;
			buildActionMask = 2147483647;
			files = (
				15D3A9B61E52B9E80027A2D9 /* LaunchScreen.storyboard in Resources */,
				15D3A9CC1E52FBE90027A2D9 /* IncomingCell.xib in Resources */,
				15D3A9B31E52B9E80027A2D9 /* Assets.xcassets in Resources */,
				15D3A9B11E52B9E80027A2D9 /* Main.storyboard in Resources */,
				15D3A9D01E5323DE0027A2D9 /* OutgoingCell.xib in Resources */,
			);
			runOnlyForDeploymentPostprocessing = 0;
		};
/* End PBXResourcesBuildPhase section */

/* Begin PBXSourcesBuildPhase section */
		15D3A9A21E52B9E80027A2D9 /* Sources */ = {
			isa = PBXSourcesBuildPhase;
			buildActionMask = 2147483647;
			files = (
				15D3A9AE1E52B9E80027A2D9 /* DetailViewController.swift in Sources */,
				15D3A9CE1E52FC1B0027A2D9 /* IncomingCell.swift in Sources */,
				15D3A9AC1E52B9E80027A2D9 /* MasterViewController.swift in Sources */,
				15D3A9D21E53240D0027A2D9 /* OutgoingCell.swift in Sources */,
				15D3A9AA1E52B9E80027A2D9 /* AppDelegate.swift in Sources */,
			);
			runOnlyForDeploymentPostprocessing = 0;
		};
/* End PBXSourcesBuildPhase section */

/* Begin PBXVariantGroup section */
		15D3A9AF1E52B9E80027A2D9 /* Main.storyboard */ = {
			isa = PBXVariantGroup;
			children = (
				15D3A9B01E52B9E80027A2D9 /* Base */,
			);
			name = Main.storyboard;
			sourceTree = "<group>";
		};
		15D3A9B41E52B9E80027A2D9 /* LaunchScreen.storyboard */ = {
			isa = PBXVariantGroup;
			children = (
				15D3A9B51E52B9E80027A2D9 /* Base */,
			);
			name = LaunchScreen.storyboard;
			sourceTree = "<group>";
		};
/* End PBXVariantGroup section */

/* Begin XCBuildConfiguration section */
		15D3A9B81E52B9E80027A2D9 /* Debug */ = {
			isa = XCBuildConfiguration;
			buildSettings = {
				ALWAYS_SEARCH_USER_PATHS = NO;
				CLANG_ANALYZER_NONNULL = YES;
				CLANG_CXX_LANGUAGE_STANDARD = "gnu++0x";
				CLANG_CXX_LIBRARY = "libc++";
				CLANG_ENABLE_MODULES = YES;
				CLANG_ENABLE_OBJC_ARC = YES;
				CLANG_WARN_BOOL_CONVERSION = YES;
				CLANG_WARN_CONSTANT_CONVERSION = YES;
				CLANG_WARN_DIRECT_OBJC_ISA_USAGE = YES_ERROR;
				CLANG_WARN_DOCUMENTATION_COMMENTS = YES;
				CLANG_WARN_EMPTY_BODY = YES;
				CLANG_WARN_ENUM_CONVERSION = YES;
				CLANG_WARN_INFINITE_RECURSION = YES;
				CLANG_WARN_INT_CONVERSION = YES;
				CLANG_WARN_OBJC_ROOT_CLASS = YES_ERROR;
				CLANG_WARN_SUSPICIOUS_MOVE = YES;
				CLANG_WARN_UNREACHABLE_CODE = YES;
				CLANG_WARN__DUPLICATE_METHOD_MATCH = YES;
				"CODE_SIGN_IDENTITY[sdk=iphoneos*]" = "iPhone Developer";
				COPY_PHASE_STRIP = NO;
				DEBUG_INFORMATION_FORMAT = dwarf;
				ENABLE_STRICT_OBJC_MSGSEND = YES;
				ENABLE_TESTABILITY = YES;
				GCC_C_LANGUAGE_STANDARD = gnu99;
				GCC_DYNAMIC_NO_PIC = NO;
				GCC_NO_COMMON_BLOCKS = YES;
				GCC_OPTIMIZATION_LEVEL = 0;
				GCC_PREPROCESSOR_DEFINITIONS = (
					"DEBUG=1",
					"$(inherited)",
				);
				GCC_WARN_64_TO_32_BIT_CONVERSION = YES;
				GCC_WARN_ABOUT_RETURN_TYPE = YES_ERROR;
				GCC_WARN_UNDECLARED_SELECTOR = YES;
				GCC_WARN_UNINITIALIZED_AUTOS = YES_AGGRESSIVE;
				GCC_WARN_UNUSED_FUNCTION = YES;
				GCC_WARN_UNUSED_VARIABLE = YES;
				IPHONEOS_DEPLOYMENT_TARGET = 10.2;
				MTL_ENABLE_DEBUG_INFO = YES;
				ONLY_ACTIVE_ARCH = YES;
				SDKROOT = iphoneos;
				SWIFT_ACTIVE_COMPILATION_CONDITIONS = DEBUG;
				SWIFT_OPTIMIZATION_LEVEL = "-Onone";
			};
			name = Debug;
		};
		15D3A9B91E52B9E80027A2D9 /* Release */ = {
			isa = XCBuildConfiguration;
			buildSettings = {
				ALWAYS_SEARCH_USER_PATHS = NO;
				CLANG_ANALYZER_NONNULL = YES;
				CLANG_CXX_LANGUAGE_STANDARD = "gnu++0x";
				CLANG_CXX_LIBRARY = "libc++";
				CLANG_ENABLE_MODULES = YES;
				CLANG_ENABLE_OBJC_ARC = YES;
				CLANG_WARN_BOOL_CONVERSION = YES;
				CLANG_WARN_CONSTANT_CONVERSION = YES;
				CLANG_WARN_DIRECT_OBJC_ISA_USAGE = YES_ERROR;
				CLANG_WARN_DOCUMENTATION_COMMENTS = YES;
				CLANG_WARN_EMPTY_BODY = YES;
				CLANG_WARN_ENUM_CONVERSION = YES;
				CLANG_WARN_INFINITE_RECURSION = YES;
				CLANG_WARN_INT_CONVERSION = YES;
				CLANG_WARN_OBJC_ROOT_CLASS = YES_ERROR;
				CLANG_WARN_SUSPICIOUS_MOVE = YES;
				CLANG_WARN_UNREACHABLE_CODE = YES;
				CLANG_WARN__DUPLICATE_METHOD_MATCH = YES;
				"CODE_SIGN_IDENTITY[sdk=iphoneos*]" = "iPhone Developer";
				COPY_PHASE_STRIP = NO;
				DEBUG_INFORMATION_FORMAT = "dwarf-with-dsym";
				ENABLE_NS_ASSERTIONS = NO;
				ENABLE_STRICT_OBJC_MSGSEND = YES;
				GCC_C_LANGUAGE_STANDARD = gnu99;
				GCC_NO_COMMON_BLOCKS = YES;
				GCC_WARN_64_TO_32_BIT_CONVERSION = YES;
				GCC_WARN_ABOUT_RETURN_TYPE = YES_ERROR;
				GCC_WARN_UNDECLARED_SELECTOR = YES;
				GCC_WARN_UNINITIALIZED_AUTOS = YES_AGGRESSIVE;
				GCC_WARN_UNUSED_FUNCTION = YES;
				GCC_WARN_UNUSED_VARIABLE = YES;
				IPHONEOS_DEPLOYMENT_TARGET = 10.2;
				MTL_ENABLE_DEBUG_INFO = NO;
				SDKROOT = iphoneos;
				SWIFT_OPTIMIZATION_LEVEL = "-Owholemodule";
				VALIDATE_PRODUCT = YES;
			};
			name = Release;
		};
		15D3A9BB1E52B9E80027A2D9 /* Debug */ = {
			isa = XCBuildConfiguration;
			buildSettings = {
				ASSETCATALOG_COMPILER_APPICON_NAME = AppIcon;
				DEVELOPMENT_TEAM = 3UC52MR44U;
				INFOPLIST_FILE = test/Info.plist;
				LD_RUNPATH_SEARCH_PATHS = "$(inherited) @executable_path/Frameworks";
				PRODUCT_BUNDLE_IDENTIFIER = com.happylab.test;
				PRODUCT_NAME = "$(TARGET_NAME)";
				SWIFT_VERSION = 3.0;
			};
			name = Debug;
		};
		15D3A9BC1E52B9E80027A2D9 /* Release */ = {
			isa = XCBuildConfiguration;
			buildSettings = {
				ASSETCATALOG_COMPILER_APPICON_NAME = AppIcon;
				DEVELOPMENT_TEAM = 3UC52MR44U;
				INFOPLIST_FILE = test/Info.plist;
				LD_RUNPATH_SEARCH_PATHS = "$(inherited) @executable_path/Frameworks";
				PRODUCT_BUNDLE_IDENTIFIER = com.happylab.test;
				PRODUCT_NAME = "$(TARGET_NAME)";
				SWIFT_VERSION = 3.0;
			};
			name = Release;
		};
/* End XCBuildConfiguration section */

/* Begin XCConfigurationList section */
		15D3A9A11E52B9E80027A2D9 /* Build configuration list for PBXProject "test" */ = {
			isa = XCConfigurationList;
			buildConfigurations = (
				15D3A9B81E52B9E80027A2D9 /* Debug */,
				15D3A9B91E52B9E80027A2D9 /* Release */,
			);
			defaultConfigurationIsVisible = 0;
			defaultConfigurationName = Release;
		};
		15D3A9BA1E52B9E80027A2D9 /* Build configuration list for PBXNativeTarget "test" */ = {
			isa = XCConfigurationList;
			buildConfigurations = (
				15D3A9BB1E52B9E80027A2D9 /* Debug */,
				15D3A9BC1E52B9E80027A2D9 /* Release */,
			);
			defaultConfigurationIsVisible = 0;
			defaultConfigurationName = Release;
		};
/* End XCConfigurationList section */
	};
	rootObject = 15D3A99E1E52B9E80027A2D9 /* Project object */;
}
